
Microsoft Visual Studio Solution File, Format Version 12.00
# Visual Studio Version 17
VisualStudioVersion = 17.7.34003.232
MinimumVisualStudioVersion = 10.0.40219.1
Project("{9A19103F-16F7-4668-BE54-9A1E7A4F7556}") = "gestion_inventario", "gestion_inventario.csproj", "{FDAD6373-AB9B-4570-9C0C-83A173CB0448}"
EndProject
Global
	GlobalSection(SolutionConfigurationPlatforms) = preSolution
		Debug|Any CPU = Debug|Any CPU
		Release|Any CPU = Release|Any CPU
	EndGlobalSection
	GlobalSection(ProjectConfigurationPlatforms) = postSolution
		{FDAD6373-AB9B-4570-9C0C-83A173CB0448}.Debug|Any CPU.ActiveCfg = Debug|Any CPU
		{FDAD6373-AB9B-4570-9C0C-83A173CB0448}.Debug|Any CPU.Build.0 = Debug|Any CPU
		{FDAD6373-AB9B-4570-9C0C-83A173CB0448}.Release|Any CPU.ActiveCfg = Release|Any CPU
		{FDAD6373-AB9B-4570-9C0C-83A173CB0448}.Release|Any CPU.Build.0 = Release|Any CPU
	EndGlobalSection
	GlobalSection(SolutionProperties) = preSolution
		HideSolutionNode = FALSE
	EndGlobalSection
	GlobalSection(ExtensibilityGlobals) = postSolution
		SolutionGuid = {431625D1-71D9-4CE3-82A9-711C40A57374}
	EndGlobalSection
EndGlobal
